// !$*UTF8*$!
{
	archiveVersion = 1;
	classes = {
	};
	objectVersion = 46;
	objects = {

/* Begin PBXBuildFile section */
		667ADA501A271E5D008FAD29 /* LiveVideoAppDelegate.m in Sources */ = {isa = PBXBuildFile; fileRef = 667ADA4F1A271E5D008FAD29 /* LiveVideoAppDelegate.m */; };
		667ADA521A271E5D008FAD29 /* main.m in Sources */ = {isa = PBXBuildFile; fileRef = 667ADA511A271E5D008FAD29 /* main.m */; };
		667ADA551A271E5D008FAD29 /* LiveVideoDocument.m in Sources */ = {isa = PBXBuildFile; fileRef = 667ADA541A271E5D008FAD29 /* LiveVideoDocument.m */; };
		667ADA581A271E5D008FAD29 /* LiveVideoDocument.xib in Resources */ = {isa = PBXBuildFile; fileRef = 667ADA561A271E5D008FAD29 /* LiveVideoDocument.xib */; };
		667ADA5A1A271E5D008FAD29 /* Images.xcassets in Resources */ = {isa = PBXBuildFile; fileRef = 667ADA591A271E5D008FAD29 /* Images.xcassets */; };
		667ADA5D1A271E5D008FAD29 /* LiveVideoMainMenu.xib in Resources */ = {isa = PBXBuildFile; fileRef = 667ADA5B1A271E5D008FAD29 /* LiveVideoMainMenu.xib */; };
		667ADA691A271E5D008FAD29 /* LiveVideoTests.m in Sources */ = {isa = PBXBuildFile; fileRef = 667ADA681A271E5D008FAD29 /* LiveVideoTests.m */; };
		667ADA771A271F99008FAD29 /* libDwDynamicLib.dylib in Frameworks */ = {isa = PBXBuildFile; fileRef = 667ADA761A271F99008FAD29 /* libDwDynamicLib.dylib */; settings = {ATTRIBUTES = (Required, ); }; };
		667ADA791A27207D008FAD29 /* libDwStaticLib.a in Frameworks */ = {isa = PBXBuildFile; fileRef = 667ADA781A27207D008FAD29 /* libDwStaticLib.a */; settings = {ATTRIBUTES = (Required, ); }; };
		667ADA891A28059A008FAD29 /* LiveVideoCaptureManager.m in Sources */ = {isa = PBXBuildFile; fileRef = 667ADA881A28059A008FAD29 /* LiveVideoCaptureManager.m */; };
		667ADA9A1A290D5C008FAD29 /* pause-button.png in Resources */ = {isa = PBXBuildFile; fileRef = 667ADA971A290D5C008FAD29 /* pause-button.png */; };
		667ADA9B1A290D5C008FAD29 /* play-button.png in Resources */ = {isa = PBXBuildFile; fileRef = 667ADA981A290D5C008FAD29 /* play-button.png */; };
		667ADA9C1A290D5C008FAD29 /* stop-button.png in Resources */ = {isa = PBXBuildFile; fileRef = 667ADA991A290D5C008FAD29 /* stop-button.png */; };
/* End PBXBuildFile section */

/* Begin PBXContainerItemProxy section */
		667ADA631A271E5D008FAD29 /* PBXContainerItemProxy */ = {
			isa = PBXContainerItemProxy;
			containerPortal = 667ADA411A271E5D008FAD29 /* Project object */;
			proxyType = 1;
			remoteGlobalIDString = 667ADA481A271E5D008FAD29;
			remoteInfo = LiveVideo;
		};
/* End PBXContainerItemProxy section */

/* Begin PBXFileReference section */
		667ADA491A271E5D008FAD29 /* LiveVideo.app */ = {isa = PBXFileReference; explicitFileType = wrapper.application; includeInIndex = 0; path = LiveVideo.app; sourceTree = BUILT_PRODUCTS_DIR; };
		667ADA4D1A271E5D008FAD29 /* Info.plist */ = {isa = PBXFileReference; lastKnownFileType = text.plist.xml; path = Info.plist; sourceTree = "<group>"; };
		667ADA4E1A271E5D008FAD29 /* LiveVideoAppDelegate.h */ = {isa = PBXFileReference; lastKnownFileType = sourcecode.c.h; path = LiveVideoAppDelegate.h; sourceTree = "<group>"; };
		667ADA4F1A271E5D008FAD29 /* LiveVideoAppDelegate.m */ = {isa = PBXFileReference; lastKnownFileType = sourcecode.c.objc; path = LiveVideoAppDelegate.m; sourceTree = "<group>"; };
		667ADA511A271E5D008FAD29 /* main.m */ = {isa = PBXFileReference; lastKnownFileType = sourcecode.c.objc; path = main.m; sourceTree = "<group>"; };
		667ADA531A271E5D008FAD29 /* LiveVideoDocument.h */ = {isa = PBXFileReference; lastKnownFileType = sourcecode.c.h; path = LiveVideoDocument.h; sourceTree = "<group>"; };
		667ADA541A271E5D008FAD29 /* LiveVideoDocument.m */ = {isa = PBXFileReference; lastKnownFileType = sourcecode.c.objc; path = LiveVideoDocument.m; sourceTree = "<group>"; };
		667ADA571A271E5D008FAD29 /* Base */ = {isa = PBXFileReference; lastKnownFileType = file.xib; name = Base; path = Base.lproj/LiveVideoDocument.xib; sourceTree = "<group>"; };
		667ADA591A271E5D008FAD29 /* Images.xcassets */ = {isa = PBXFileReference; lastKnownFileType = folder.assetcatalog; path = Images.xcassets; sourceTree = "<group>"; };
		667ADA5C1A271E5D008FAD29 /* Base */ = {isa = PBXFileReference; lastKnownFileType = file.xib; name = Base; path = Base.lproj/LiveVideoMainMenu.xib; sourceTree = "<group>"; };
		667ADA621A271E5D008FAD29 /* LiveVideoTests.xctest */ = {isa = PBXFileReference; explicitFileType = wrapper.cfbundle; includeInIndex = 0; path = LiveVideoTests.xctest; sourceTree = BUILT_PRODUCTS_DIR; };
		667ADA671A271E5D008FAD29 /* Info.plist */ = {isa = PBXFileReference; lastKnownFileType = text.plist.xml; path = Info.plist; sourceTree = "<group>"; };
		667ADA681A271E5D008FAD29 /* LiveVideoTests.m */ = {isa = PBXFileReference; lastKnownFileType = sourcecode.c.objc; path = LiveVideoTests.m; sourceTree = "<group>"; };
		667ADA761A271F99008FAD29 /* libDwDynamicLib.dylib */ = {isa = PBXFileReference; lastKnownFileType = "compiled.mach-o.dylib"; name = libDwDynamicLib.dylib; path = "../../../../Library/Developer/Xcode/DerivedData/DigitarWorld-ddrnhfzfpqntnzalkqhppurejvyv/Build/Products/Debug/libDwDynamicLib.dylib"; sourceTree = "<group>"; };
		667ADA781A27207D008FAD29 /* libDwStaticLib.a */ = {isa = PBXFileReference; lastKnownFileType = archive.ar; name = libDwStaticLib.a; path = "../../../../Library/Developer/Xcode/DerivedData/DigitarWorld-ddrnhfzfpqntnzalkqhppurejvyv/Build/Products/Debug/libDwStaticLib.a"; sourceTree = "<group>"; };
		667ADA861A279034008FAD29 /* MyImports.h */ = {isa = PBXFileReference; lastKnownFileType = sourcecode.c.h; path = MyImports.h; sourceTree = "<group>"; };
		667ADA871A28059A008FAD29 /* LiveVideoCaptureManager.h */ = {isa = PBXFileReference; fileEncoding = 4; lastKnownFileType = sourcecode.c.h; path = LiveVideoCaptureManager.h; sourceTree = "<group>"; };
		667ADA881A28059A008FAD29 /* LiveVideoCaptureManager.m */ = {isa = PBXFileReference; fileEncoding = 4; lastKnownFileType = sourcecode.c.objc; path = LiveVideoCaptureManager.m; sourceTree = "<group>"; };
		667ADA971A290D5C008FAD29 /* pause-button.png */ = {isa = PBXFileReference; lastKnownFileType = image.png; path = "pause-button.png"; sourceTree = "<group>"; };
		667ADA981A290D5C008FAD29 /* play-button.png */ = {isa = PBXFileReference; lastKnownFileType = image.png; path = "play-button.png"; sourceTree = "<group>"; };
		667ADA991A290D5C008FAD29 /* stop-button.png */ = {isa = PBXFileReference; lastKnownFileType = image.png; path = "stop-button.png"; sourceTree = "<group>"; };
/* End PBXFileReference section */

/* Begin PBXFrameworksBuildPhase section */
		667ADA461A271E5D008FAD29 /* Frameworks */ = {
			isa = PBXFrameworksBuildPhase;
			buildActionMask = 2147483647;
			files = (
				667ADA771A271F99008FAD29 /* libDwDynamicLib.dylib in Frameworks */,
				667ADA791A27207D008FAD29 /* libDwStaticLib.a in Frameworks */,
			);
			runOnlyForDeploymentPostprocessing = 0;
		};
		667ADA5F1A271E5D008FAD29 /* Frameworks */ = {
			isa = PBXFrameworksBuildPhase;
			buildActionMask = 2147483647;
			files = (
			);
			runOnlyForDeploymentPostprocessing = 0;
		};
/* End PBXFrameworksBuildPhase section */

/* Begin PBXGroup section */
		667ADA401A271E5D008FAD29 = {
			isa = PBXGroup;
			children = (
				667ADA781A27207D008FAD29 /* libDwStaticLib.a */,
				667ADA761A271F99008FAD29 /* libDwDynamicLib.dylib */,
				667ADA4B1A271E5D008FAD29 /* LiveVideo */,
				667ADA651A271E5D008FAD29 /* LiveVideoTests */,
				667ADA4A1A271E5D008FAD29 /* Products */,
			);
			sourceTree = "<group>";
		};
		667ADA4A1A271E5D008FAD29 /* Products */ = {
			isa = PBXGroup;
			children = (
				667ADA491A271E5D008FAD29 /* LiveVideo.app */,
				667ADA621A271E5D008FAD29 /* LiveVideoTests.xctest */,
			);
			name = Products;
			sourceTree = "<group>";
		};
		667ADA4B1A271E5D008FAD29 /* LiveVideo */ = {
			isa = PBXGroup;
			children = (
				667ADA861A279034008FAD29 /* MyImports.h */,
				667ADA4E1A271E5D008FAD29 /* LiveVideoAppDelegate.h */,
				667ADA4F1A271E5D008FAD29 /* LiveVideoAppDelegate.m */,
				667ADA531A271E5D008FAD29 /* LiveVideoDocument.h */,
				667ADA541A271E5D008FAD29 /* LiveVideoDocument.m */,
				667ADA871A28059A008FAD29 /* LiveVideoCaptureManager.h */,
				667ADA881A28059A008FAD29 /* LiveVideoCaptureManager.m */,
				667ADA561A271E5D008FAD29 /* LiveVideoDocument.xib */,
				667ADA591A271E5D008FAD29 /* Images.xcassets */,
				667ADA5B1A271E5D008FAD29 /* LiveVideoMainMenu.xib */,
				667ADA4C1A271E5D008FAD29 /* Supporting Files */,
				667ADA951A290D5C008FAD29 /* Resources */,
			);
			path = LiveVideo;
			sourceTree = "<group>";
		};
		667ADA4C1A271E5D008FAD29 /* Supporting Files */ = {
			isa = PBXGroup;
			children = (
				667ADA4D1A271E5D008FAD29 /* Info.plist */,
				667ADA511A271E5D008FAD29 /* main.m */,
			);
			name = "Supporting Files";
			sourceTree = "<group>";
		};
		667ADA651A271E5D008FAD29 /* LiveVideoTests */ = {
			isa = PBXGroup;
			children = (
				667ADA681A271E5D008FAD29 /* LiveVideoTests.m */,
				667ADA661A271E5D008FAD29 /* Supporting Files */,
			);
			path = LiveVideoTests;
			sourceTree = "<group>";
		};
		667ADA661A271E5D008FAD29 /* Supporting Files */ = {
			isa = PBXGroup;
			children = (
				667ADA671A271E5D008FAD29 /* Info.plist */,
			);
			name = "Supporting Files";
			sourceTree = "<group>";
		};
		667ADA951A290D5C008FAD29 /* Resources */ = {
			isa = PBXGroup;
			children = (
				667ADA961A290D5C008FAD29 /* Images */,
			);
			path = Resources;
			sourceTree = "<group>";
		};
		667ADA961A290D5C008FAD29 /* Images */ = {
			isa = PBXGroup;
			children = (
				667ADA971A290D5C008FAD29 /* pause-button.png */,
				667ADA981A290D5C008FAD29 /* play-button.png */,
				667ADA991A290D5C008FAD29 /* stop-button.png */,
			);
			path = Images;
			sourceTree = "<group>";
		};
/* End PBXGroup section */

/* Begin PBXNativeTarget section */
		667ADA481A271E5D008FAD29 /* LiveVideo */ = {
			isa = PBXNativeTarget;
			buildConfigurationList = 667ADA6C1A271E5D008FAD29 /* Build configuration list for PBXNativeTarget "LiveVideo" */;
			buildPhases = (
				667ADA451A271E5D008FAD29 /* Sources */,
				667ADA461A271E5D008FAD29 /* Frameworks */,
				667ADA471A271E5D008FAD29 /* Resources */,
			);
			buildRules = (
			);
			dependencies = (
			);
			name = LiveVideo;
			productName = LiveVideo;
			productReference = 667ADA491A271E5D008FAD29 /* LiveVideo.app */;
			productType = "com.apple.product-type.application";
		};
		667ADA611A271E5D008FAD29 /* LiveVideoTests */ = {
			isa = PBXNativeTarget;
			buildConfigurationList = 667ADA6F1A271E5D008FAD29 /* Build configuration list for PBXNativeTarget "LiveVideoTests" */;
			buildPhases = (
				667ADA5E1A271E5D008FAD29 /* Sources */,
				667ADA5F1A271E5D008FAD29 /* Frameworks */,
				667ADA601A271E5D008FAD29 /* Resources */,
			);
			buildRules = (
			);
			dependencies = (
				667ADA641A271E5D008FAD29 /* PBXTargetDependency */,
			);
			name = LiveVideoTests;
			productName = LiveVideoTests;
			productReference = 667ADA621A271E5D008FAD29 /* LiveVideoTests.xctest */;
			productType = "com.apple.product-type.bundle.unit-test";
		};
/* End PBXNativeTarget section */

/* Begin PBXProject section */
		667ADA411A271E5D008FAD29 /* Project object */ = {
			isa = PBXProject;
			attributes = {
				LastUpgradeCheck = 0610;
				ORGANIZATIONNAME = "IKKO FUSHIKI";
				TargetAttributes = {
					667ADA481A271E5D008FAD29 = {
						CreatedOnToolsVersion = 6.1;
					};
					667ADA611A271E5D008FAD29 = {
						CreatedOnToolsVersion = 6.1;
						TestTargetID = 667ADA481A271E5D008FAD29;
					};
				};
			};
			buildConfigurationList = 667ADA441A271E5D008FAD29 /* Build configuration list for PBXProject "LiveVideo" */;
			compatibilityVersion = "Xcode 3.2";
			developmentRegion = English;
			hasScannedForEncodings = 0;
			knownRegions = (
				en,
				Base,
			);
			mainGroup = 667ADA401A271E5D008FAD29;
			productRefGroup = 667ADA4A1A271E5D008FAD29 /* Products */;
			projectDirPath = "";
			projectRoot = "";
			targets = (
				667ADA481A271E5D008FAD29 /* LiveVideo */,
				667ADA611A271E5D008FAD29 /* LiveVideoTests */,
			);
		};
/* End PBXProject section */

/* Begin PBXResourcesBuildPhase section */
		667ADA471A271E5D008FAD29 /* Resources */ = {
			isa = PBXResourcesBuildPhase;
			buildActionMask = 2147483647;
			files = (
				667ADA9B1A290D5C008FAD29 /* play-button.png in Resources */,
				667ADA581A271E5D008FAD29 /* LiveVideoDocument.xib in Resources */,
				667ADA5A1A271E5D008FAD29 /* Images.xcassets in Resources */,
				667ADA9A1A290D5C008FAD29 /* pause-button.png in Resources */,
				667ADA5D1A271E5D008FAD29 /* LiveVideoMainMenu.xib in Resources */,
				667ADA9C1A290D5C008FAD29 /* stop-button.png in Resources */,
			);
			runOnlyForDeploymentPostprocessing = 0;
		};
		667ADA601A271E5D008FAD29 /* Resources */ = {
			isa = PBXResourcesBuildPhase;
			buildActionMask = 2147483647;
			files = (
			);
			runOnlyForDeploymentPostprocessing = 0;
		};
/* End PBXResourcesBuildPhase section */

/* Begin PBXSourcesBuildPhase section */
		667ADA451A271E5D008FAD29 /* Sources */ = {
			isa = PBXSourcesBuildPhase;
			buildActionMask = 2147483647;
			files = (
				667ADA551A271E5D008FAD29 /* LiveVideoDocument.m in Sources */,
				667ADA521A271E5D008FAD29 /* main.m in Sources */,
				667ADA891A28059A008FAD29 /* LiveVideoCaptureManager.m in Sources */,
				667ADA501A271E5D008FAD29 /* LiveVideoAppDelegate.m in Sources */,
			);
			runOnlyForDeploymentPostprocessing = 0;
		};
		667ADA5E1A271E5D008FAD29 /* Sources */ = {
			isa = PBXSourcesBuildPhase;
			buildActionMask = 2147483647;
			files = (
				667ADA691A271E5D008FAD29 /* LiveVideoTests.m in Sources */,
			);
			runOnlyForDeploymentPostprocessing = 0;
		};
/* End PBXSourcesBuildPhase section */

/* Begin PBXTargetDependency section */
		667ADA641A271E5D008FAD29 /* PBXTargetDependency */ = {
			isa = PBXTargetDependency;
			target = 667ADA481A271E5D008FAD29 /* LiveVideo */;
			targetProxy = 667ADA631A271E5D008FAD29 /* PBXContainerItemProxy */;
		};
/* End PBXTargetDependency section */

/* Begin PBXVariantGroup section */
		667ADA561A271E5D008FAD29 /* LiveVideoDocument.xib */ = {
			isa = PBXVariantGroup;
			children = (
				667ADA571A271E5D008FAD29 /* Base */,
			);
			name = LiveVideoDocument.xib;
			sourceTree = "<group>";
		};
		667ADA5B1A271E5D008FAD29 /* LiveVideoMainMenu.xib */ = {
			isa = PBXVariantGroup;
			children = (
				667ADA5C1A271E5D008FAD29 /* Base */,
			);
			name = LiveVideoMainMenu.xib;
			sourceTree = "<group>";
		};
/* End PBXVariantGroup section */

/* Begin XCBuildConfiguration section */
		667ADA6A1A271E5D008FAD29 /* Debug */ = {
			isa = XCBuildConfiguration;
			buildSettings = {
				ALWAYS_SEARCH_USER_PATHS = NO;
				CLANG_CXX_LANGUAGE_STANDARD = "gnu++0x";
				CLANG_CXX_LIBRARY = "libc++";
				CLANG_ENABLE_MODULES = YES;
				CLANG_ENABLE_OBJC_ARC = YES;
				CLANG_WARN_BOOL_CONVERSION = YES;
				CLANG_WARN_CONSTANT_CONVERSION = YES;
				CLANG_WARN_DIRECT_OBJC_ISA_USAGE = YES_ERROR;
				CLANG_WARN_EMPTY_BODY = YES;
				CLANG_WARN_ENUM_CONVERSION = YES;
				CLANG_WARN_INT_CONVERSION = YES;
				CLANG_WARN_OBJC_ROOT_CLASS = YES_ERROR;
				CLANG_WARN_UNREACHABLE_CODE = YES;
				CLANG_WARN__DUPLICATE_METHOD_MATCH = YES;
				CODE_SIGN_IDENTITY = "-";
				COPY_PHASE_STRIP = NO;
				ENABLE_STRICT_OBJC_MSGSEND = YES;
				GCC_C_LANGUAGE_STANDARD = gnu99;
				GCC_DYNAMIC_NO_PIC = NO;
				GCC_OPTIMIZATION_LEVEL = 0;
				GCC_PREPROCESSOR_DEFINITIONS = (
					"DEBUG=1",
					"$(inherited)",
				);
				GCC_SYMBOLS_PRIVATE_EXTERN = NO;
				GCC_WARN_64_TO_32_BIT_CONVERSION = YES;
				GCC_WARN_ABOUT_RETURN_TYPE = YES_ERROR;
				GCC_WARN_UNDECLARED_SELECTOR = YES;
				GCC_WARN_UNINITIALIZED_AUTOS = YES_AGGRESSIVE;
				GCC_WARN_UNUSED_FUNCTION = YES;
				GCC_WARN_UNUSED_VARIABLE = YES;
				MACOSX_DEPLOYMENT_TARGET = 10.10;
				MTL_ENABLE_DEBUG_INFO = YES;
				ONLY_ACTIVE_ARCH = YES;
				SDKROOT = macosx;
			};
			name = Debug;
		};
		667ADA6B1A271E5D008FAD29 /* Release */ = {
			isa = XCBuildConfiguration;
			buildSettings = {
				ALWAYS_SEARCH_USER_PATHS = NO;
				CLANG_CXX_LANGUAGE_STANDARD = "gnu++0x";
				CLANG_CXX_LIBRARY = "libc++";
				CLANG_ENABLE_MODULES = YES;
				CLANG_ENABLE_OBJC_ARC = YES;
				CLANG_WARN_BOOL_CONVERSION = YES;
				CLANG_WARN_CONSTANT_CONVERSION = YES;
				CLANG_WARN_DIRECT_OBJC_ISA_USAGE = YES_ERROR;
				CLANG_WARN_EMPTY_BODY = YES;
				CLANG_WARN_ENUM_CONVERSION = YES;
				CLANG_WARN_INT_CONVERSION = YES;
				CLANG_WARN_OBJC_ROOT_CLASS = YES_ERROR;
				CLANG_WARN_UNREACHABLE_CODE = YES;
				CLANG_WARN__DUPLICATE_METHOD_MATCH = YES;
				CODE_SIGN_IDENTITY = "-";
				COPY_PHASE_STRIP = YES;
				DEBUG_INFORMATION_FORMAT = "dwarf-with-dsym";
				ENABLE_NS_ASSERTIONS = NO;
				ENABLE_STRICT_OBJC_MSGSEND = YES;
				GCC_C_LANGUAGE_STANDARD = gnu99;
				GCC_WARN_64_TO_32_BIT_CONVERSION = YES;
				GCC_WARN_ABOUT_RETURN_TYPE = YES_ERROR;
				GCC_WARN_UNDECLARED_SELECTOR = YES;
				GCC_WARN_UNINITIALIZED_AUTOS = YES_AGGRESSIVE;
				GCC_WARN_UNUSED_FUNCTION = YES;
				GCC_WARN_UNUSED_VARIABLE = YES;
				MACOSX_DEPLOYMENT_TARGET = 10.10;
				MTL_ENABLE_DEBUG_INFO = NO;
				SDKROOT = macosx;
			};
			name = Release;
		};
		667ADA6D1A271E5D008FAD29 /* Debug */ = {
			isa = XCBuildConfiguration;
			buildSettings = {
				ASSETCATALOG_COMPILER_APPICON_NAME = AppIcon;
				COMBINE_HIDPI_IMAGES = YES;
				INFOPLIST_FILE = LiveVideo/Info.plist;
				LD_RUNPATH_SEARCH_PATHS = "$(inherited) @executable_path/../Frameworks";
				LIBRARY_SEARCH_PATHS = (
					"$(inherited)",
					/Users/ikko/Desktop/Projects/DigitarWorld/DwCommon/DwDynamicLib/build/Debug,
					/Users/ikko/Desktop/Projects/DigitarWorld/DwCommon/DwStaticLib/build/Debug,
					"$(USER_LIBRARY_DIR)/Developer/Xcode/DerivedData/DigitarWorld-ddrnhfzfpqntnzalkqhppurejvyv/Build/Products/Debug",
				);
				PRODUCT_NAME = "$(TARGET_NAME)";
			};
			name = Debug;
		};
		667ADA6E1A271E5D008FAD29 /* Release */ = {
			isa = XCBuildConfiguration;
			buildSettings = {
				ASSETCATALOG_COMPILER_APPICON_NAME = AppIcon;
				COMBINE_HIDPI_IMAGES = YES;
				INFOPLIST_FILE = LiveVideo/Info.plist;
				LD_RUNPATH_SEARCH_PATHS = "$(inherited) @executable_path/../Frameworks";
				LIBRARY_SEARCH_PATHS = (
					"$(inherited)",
					/Users/ikko/Desktop/Projects/DigitarWorld/DwCommon/DwDynamicLib/build/Debug,
					/Users/ikko/Desktop/Projects/DigitarWorld/DwCommon/DwStaticLib/build/Debug,
					"$(USER_LIBRARY_DIR)/Developer/Xcode/DerivedData/DigitarWorld-ddrnhfzfpqntnzalkqhppurejvyv/Build/Products/Debug",
				);
				PRODUCT_NAME = "$(TARGET_NAME)";
			};
			name = Release;
		};
		667ADA701A271E5D008FAD29 /* Debug */ = {
			isa = XCBuildConfiguration;
			buildSettings = {
				BUNDLE_LOADER = "$(TEST_HOST)";
				COMBINE_HIDPI_IMAGES = YES;
				FRAMEWORK_SEARCH_PATHS = (
					"$(DEVELOPER_FRAMEWORKS_DIR)",
					"$(inherited)",
				);
				GCC_PREPROCESSOR_DEFINITIONS = (
					"DEBUG=1",
					"$(inherited)",
				);
				INFOPLIST_FILE = LiveVideoTests/Info.plist;
				LD_RUNPATH_SEARCH_PATHS = "$(inherited) @executable_path/../Frameworks @loader_path/../Frameworks";
				PRODUCT_NAME = "$(TARGET_NAME)";
				TEST_HOST = "$(BUILT_PRODUCTS_DIR)/LiveVideo.app/Contents/MacOS/LiveVideo";
			};
			name = Debug;
		};
		667ADA711A271E5D008FAD29 /* Release */ = {
			isa = XCBuildConfiguration;
			buildSettings = {
				BUNDLE_LOADER = "$(TEST_HOST)";
				COMBINE_HIDPI_IMAGES = YES;
				FRAMEWORK_SEARCH_PATHS = (
					"$(DEVELOPER_FRAMEWORKS_DIR)",
					"$(inherited)",
				);
				INFOPLIST_FILE = LiveVideoTests/Info.plist;
				LD_RUNPATH_SEARCH_PATHS = "$(inherited) @executable_path/../Frameworks @loader_path/../Frameworks";
				PRODUCT_NAME = "$(TARGET_NAME)";
				TEST_HOST = "$(BUILT_PRODUCTS_DIR)/LiveVideo.app/Contents/MacOS/LiveVideo";
			};
			name = Release;
		};
/* End XCBuildConfiguration section */

/* Begin XCConfigurationList section */
		667ADA441A271E5D008FAD29 /* Build configuration list for PBXProject "LiveVideo" */ = {
			isa = XCConfigurationList;
			buildConfigurations = (
				667ADA6A1A271E5D008FAD29 /* Debug */,
				667ADA6B1A271E5D008FAD29 /* Release */,
			);
			defaultConfigurationIsVisible = 0;
			defaultConfigurationName = Debug;
		};
		667ADA6C1A271E5D008FAD29 /* Build configuration list for PBXNativeTarget "LiveVideo" */ = {
			isa = XCConfigurationList;
			buildConfigurations = (
				667ADA6D1A271E5D008FAD29 /* Debug */,
				667ADA6E1A271E5D008FAD29 /* Release */,
			);
			defaultConfigurationIsVisible = 0;
			defaultConfigurationName = Debug;
		};
		667ADA6F1A271E5D008FAD29 /* Build configuration list for PBXNativeTarget "LiveVideoTests" */ = {
			isa = XCConfigurationList;
			buildConfigurations = (
				667ADA701A271E5D008FAD29 /* Debug */,
				667ADA711A271E5D008FAD29 /* Release */,
			);
			defaultConfigurationIsVisible = 0;
			defaultConfigurationName = Debug;
		};
/* End XCConfigurationList section */
	};
	rootObject = 667ADA411A271E5D008FAD29 /* Project object */;
}
